// !$*UTF8*$!
{
	archiveVersion = 1;
	classes = {
	};
	objectVersion = 77;
	objects = {

/* Begin PBXBuildFile section */
		C7FDEEB72D85AEC60050E7A8 /* env.xcconfig in Resources */ = {isa = PBXBuildFile; fileRef = C7FDEE822D85AEC60050E7A8 /* env.xcconfig */; };
		C7FDEEB82D85AEC60050E7A8 /* env.xcconfig.example in Resources */ = {isa = PBXBuildFile; fileRef = C7FDEE832D85AEC60050E7A8 /* env.xcconfig.example */; };
		C7FDEEE12D85AF120050E7A8 /* WidgetKit.framework in Frameworks */ = {isa = PBXBuildFile; fileRef = C7FDEEE02D85AF120050E7A8 /* WidgetKit.framework */; };
		C7FDEEE32D85AF120050E7A8 /* SwiftUI.framework in Frameworks */ = {isa = PBXBuildFile; fileRef = C7FDEEE22D85AF120050E7A8 /* SwiftUI.framework */; };
		C7FDEEEE2D85AF130050E7A8 /* WidgetExtensionExtension.appex in Embed Foundation Extensions */ = {isa = PBXBuildFile; fileRef = C7FDEEDE2D85AF120050E7A8 /* WidgetExtensionExtension.appex */; settings = {ATTRIBUTES = (RemoveHeadersOnCopy, ); }; };
		C7FDEF002D85B6D70050E7A8 /* Shared.framework in Frameworks */ = {isa = PBXBuildFile; fileRef = C7FDEEFA2D85B6D70050E7A8 /* Shared.framework */; };
		C7FDEF012D85B6D70050E7A8 /* Shared.framework in Embed Frameworks */ = {isa = PBXBuildFile; fileRef = C7FDEEFA2D85B6D70050E7A8 /* Shared.framework */; settings = {ATTRIBUTES = (CodeSignOnCopy, RemoveHeadersOnCopy, ); }; };
		C7FDEF072D85B7000050E7A8 /* Shared.framework in Frameworks */ = {isa = PBXBuildFile; fileRef = C7FDEEFA2D85B6D70050E7A8 /* Shared.framework */; };
		C7FDEF082D85B7000050E7A8 /* Shared.framework in Embed Frameworks */ = {isa = PBXBuildFile; fileRef = C7FDEEFA2D85B6D70050E7A8 /* Shared.framework */; settings = {ATTRIBUTES = (CodeSignOnCopy, RemoveHeadersOnCopy, ); }; };
/* End PBXBuildFile section */

/* Begin PBXContainerItemProxy section */
		C7FDEEEC2D85AF130050E7A8 /* PBXContainerItemProxy */ = {
			isa = PBXContainerItemProxy;
			containerPortal = C72646762D4BAF9300CA1DB4 /* Project object */;
			proxyType = 1;
			remoteGlobalIDString = C7FDEEDD2D85AF120050E7A8;
			remoteInfo = WidgetExtensionExtension;
		};
		C7FDEEFE2D85B6D70050E7A8 /* PBXContainerItemProxy */ = {
			isa = PBXContainerItemProxy;
			containerPortal = C72646762D4BAF9300CA1DB4 /* Project object */;
			proxyType = 1;
			remoteGlobalIDString = C7FDEEF92D85B6D70050E7A8;
			remoteInfo = Shared;
		};
		C7FDEF092D85B7000050E7A8 /* PBXContainerItemProxy */ = {
			isa = PBXContainerItemProxy;
			containerPortal = C72646762D4BAF9300CA1DB4 /* Project object */;
			proxyType = 1;
			remoteGlobalIDString = C7FDEEF92D85B6D70050E7A8;
			remoteInfo = Shared;
		};
/* End PBXContainerItemProxy section */

/* Begin PBXCopyFilesBuildPhase section */
		C7FDEEEF2D85AF130050E7A8 /* Embed Foundation Extensions */ = {
			isa = PBXCopyFilesBuildPhase;
			buildActionMask = 2147483647;
			dstPath = "";
			dstSubfolderSpec = 13;
			files = (
				C7FDEEEE2D85AF130050E7A8 /* WidgetExtensionExtension.appex in Embed Foundation Extensions */,
			);
			name = "Embed Foundation Extensions";
			runOnlyForDeploymentPostprocessing = 0;
		};
		C7FDEF062D85B6D70050E7A8 /* Embed Frameworks */ = {
			isa = PBXCopyFilesBuildPhase;
			buildActionMask = 2147483647;
			dstPath = "";
			dstSubfolderSpec = 10;
			files = (
				C7FDEF012D85B6D70050E7A8 /* Shared.framework in Embed Frameworks */,
			);
			name = "Embed Frameworks";
			runOnlyForDeploymentPostprocessing = 0;
		};
		C7FDEF0B2D85B7000050E7A8 /* Embed Frameworks */ = {
			isa = PBXCopyFilesBuildPhase;
			buildActionMask = 2147483647;
			dstPath = "";
			dstSubfolderSpec = 10;
			files = (
				C7FDEF082D85B7000050E7A8 /* Shared.framework in Embed Frameworks */,
			);
			name = "Embed Frameworks";
			runOnlyForDeploymentPostprocessing = 0;
		};
/* End PBXCopyFilesBuildPhase section */

/* Begin PBXFileReference section */
		C726467E2D4BAF9300CA1DB4 /* AirQuality.app */ = {isa = PBXFileReference; explicitFileType = wrapper.application; includeInIndex = 0; path = AirQuality.app; sourceTree = BUILT_PRODUCTS_DIR; };
		C7FDEE822D85AEC60050E7A8 /* env.xcconfig */ = {isa = PBXFileReference; lastKnownFileType = text.xcconfig; path = env.xcconfig; sourceTree = "<group>"; };
		C7FDEE832D85AEC60050E7A8 /* env.xcconfig.example */ = {isa = PBXFileReference; lastKnownFileType = text; path = env.xcconfig.example; sourceTree = "<group>"; };
		C7FDEEDE2D85AF120050E7A8 /* WidgetExtensionExtension.appex */ = {isa = PBXFileReference; explicitFileType = "wrapper.app-extension"; includeInIndex = 0; path = WidgetExtensionExtension.appex; sourceTree = BUILT_PRODUCTS_DIR; };
		C7FDEEE02D85AF120050E7A8 /* WidgetKit.framework */ = {isa = PBXFileReference; lastKnownFileType = wrapper.framework; name = WidgetKit.framework; path = System/Library/Frameworks/WidgetKit.framework; sourceTree = SDKROOT; };
		C7FDEEE22D85AF120050E7A8 /* SwiftUI.framework */ = {isa = PBXFileReference; lastKnownFileType = wrapper.framework; name = SwiftUI.framework; path = System/Library/Frameworks/SwiftUI.framework; sourceTree = SDKROOT; };
		C7FDEEFA2D85B6D70050E7A8 /* Shared.framework */ = {isa = PBXFileReference; explicitFileType = wrapper.framework; includeInIndex = 0; path = Shared.framework; sourceTree = BUILT_PRODUCTS_DIR; };
/* End PBXFileReference section */

/* Begin PBXFileSystemSynchronizedBuildFileExceptionSet section */
		C72646932D4BB34100CA1DB4 /* Exceptions for "AirQuality" folder in "AirQuality" target */ = {
			isa = PBXFileSystemSynchronizedBuildFileExceptionSet;
			membershipExceptions = (
				Info.plist,
			);
			target = C726467D2D4BAF9300CA1DB4 /* AirQuality */;
		};
		C7FDEEF32D85AF130050E7A8 /* Exceptions for "WidgetExtension" folder in "WidgetExtensionExtension" target */ = {
			isa = PBXFileSystemSynchronizedBuildFileExceptionSet;
			membershipExceptions = (
				Info.plist,
			);
			target = C7FDEEDD2D85AF120050E7A8 /* WidgetExtensionExtension */;
		};
/* End PBXFileSystemSynchronizedBuildFileExceptionSet section */

/* Begin PBXFileSystemSynchronizedRootGroup section */
		C72646802D4BAF9300CA1DB4 /* AirQuality */ = {
			isa = PBXFileSystemSynchronizedRootGroup;
			exceptions = (
				C72646932D4BB34100CA1DB4 /* Exceptions for "AirQuality" folder in "AirQuality" target */,
			);
			path = AirQuality;
			sourceTree = "<group>";
		};
		C7FDEEE42D85AF120050E7A8 /* WidgetExtension */ = {
			isa = PBXFileSystemSynchronizedRootGroup;
			exceptions = (
				C7FDEEF32D85AF130050E7A8 /* Exceptions for "WidgetExtension" folder in "WidgetExtensionExtension" target */,
			);
			path = WidgetExtension;
			sourceTree = "<group>";
		};
		C7FDEEFB2D85B6D70050E7A8 /* Shared */ = {
			isa = PBXFileSystemSynchronizedRootGroup;
			path = Shared;
			sourceTree = "<group>";
		};
/* End PBXFileSystemSynchronizedRootGroup section */

/* Begin PBXFrameworksBuildPhase section */
		C726467B2D4BAF9300CA1DB4 /* Frameworks */ = {
			isa = PBXFrameworksBuildPhase;
			buildActionMask = 2147483647;
			files = (
				C7FDEF002D85B6D70050E7A8 /* Shared.framework in Frameworks */,
			);
			runOnlyForDeploymentPostprocessing = 0;
		};
		C7FDEEDB2D85AF120050E7A8 /* Frameworks */ = {
			isa = PBXFrameworksBuildPhase;
			buildActionMask = 2147483647;
			files = (
				C7FDEEE32D85AF120050E7A8 /* SwiftUI.framework in Frameworks */,
				C7FDEF072D85B7000050E7A8 /* Shared.framework in Frameworks */,
				C7FDEEE12D85AF120050E7A8 /* WidgetKit.framework in Frameworks */,
			);
			runOnlyForDeploymentPostprocessing = 0;
		};
		C7FDEEF72D85B6D70050E7A8 /* Frameworks */ = {
			isa = PBXFrameworksBuildPhase;
			buildActionMask = 2147483647;
			files = (
			);
			runOnlyForDeploymentPostprocessing = 0;
		};
/* End PBXFrameworksBuildPhase section */

/* Begin PBXGroup section */
		C72646752D4BAF9300CA1DB4 = {
			isa = PBXGroup;
			children = (
				C72646802D4BAF9300CA1DB4 /* AirQuality */,
				C7FDEEE42D85AF120050E7A8 /* WidgetExtension */,
				C7FDEEFB2D85B6D70050E7A8 /* Shared */,
				C7FDEE822D85AEC60050E7A8 /* env.xcconfig */,
				C7FDEE832D85AEC60050E7A8 /* env.xcconfig.example */,
				C7FDEEDF2D85AF120050E7A8 /* Frameworks */,
				C726467F2D4BAF9300CA1DB4 /* Products */,
			);
			sourceTree = "<group>";
		};
		C726467F2D4BAF9300CA1DB4 /* Products */ = {
			isa = PBXGroup;
			children = (
				C726467E2D4BAF9300CA1DB4 /* AirQuality.app */,
				C7FDEEDE2D85AF120050E7A8 /* WidgetExtensionExtension.appex */,
				C7FDEEFA2D85B6D70050E7A8 /* Shared.framework */,
			);
			name = Products;
			sourceTree = "<group>";
		};
		C7FDEEDF2D85AF120050E7A8 /* Frameworks */ = {
			isa = PBXGroup;
			children = (
				C7FDEEE02D85AF120050E7A8 /* WidgetKit.framework */,
				C7FDEEE22D85AF120050E7A8 /* SwiftUI.framework */,
			);
			name = Frameworks;
			sourceTree = "<group>";
		};
/* End PBXGroup section */

/* Begin PBXHeadersBuildPhase section */
		C7FDEEF52D85B6D70050E7A8 /* Headers */ = {
			isa = PBXHeadersBuildPhase;
			buildActionMask = 2147483647;
			files = (
			);
			runOnlyForDeploymentPostprocessing = 0;
		};
/* End PBXHeadersBuildPhase section */

/* Begin PBXNativeTarget section */
		C726467D2D4BAF9300CA1DB4 /* AirQuality */ = {
			isa = PBXNativeTarget;
			buildConfigurationList = C726468C2D4BAF9500CA1DB4 /* Build configuration list for PBXNativeTarget "AirQuality" */;
			buildPhases = (
				C726467A2D4BAF9300CA1DB4 /* Sources */,
				C726467B2D4BAF9300CA1DB4 /* Frameworks */,
				C726467C2D4BAF9300CA1DB4 /* Resources */,
				C7FDEEEF2D85AF130050E7A8 /* Embed Foundation Extensions */,
				C7FDEF062D85B6D70050E7A8 /* Embed Frameworks */,
			);
			buildRules = (
			);
			dependencies = (
				C7FDEEED2D85AF130050E7A8 /* PBXTargetDependency */,
				C7FDEEFF2D85B6D70050E7A8 /* PBXTargetDependency */,
			);
			fileSystemSynchronizedGroups = (
				C72646802D4BAF9300CA1DB4 /* AirQuality */,
			);
			name = AirQuality;
			packageProductDependencies = (
			);
			productName = AirQuality;
			productReference = C726467E2D4BAF9300CA1DB4 /* AirQuality.app */;
			productType = "com.apple.product-type.application";
		};
		C7FDEEDD2D85AF120050E7A8 /* WidgetExtensionExtension */ = {
			isa = PBXNativeTarget;
			buildConfigurationList = C7FDEEF22D85AF130050E7A8 /* Build configuration list for PBXNativeTarget "WidgetExtensionExtension" */;
			buildPhases = (
				C7FDEEDA2D85AF120050E7A8 /* Sources */,
				C7FDEEDB2D85AF120050E7A8 /* Frameworks */,
				C7FDEEDC2D85AF120050E7A8 /* Resources */,
				C7FDEF0B2D85B7000050E7A8 /* Embed Frameworks */,
			);
			buildRules = (
			);
			dependencies = (
				C7FDEF0A2D85B7000050E7A8 /* PBXTargetDependency */,
			);
			fileSystemSynchronizedGroups = (
				C7FDEEE42D85AF120050E7A8 /* WidgetExtension */,
			);
			name = WidgetExtensionExtension;
			packageProductDependencies = (
			);
			productName = WidgetExtensionExtension;
			productReference = C7FDEEDE2D85AF120050E7A8 /* WidgetExtensionExtension.appex */;
			productType = "com.apple.product-type.app-extension";
		};
		C7FDEEF92D85B6D70050E7A8 /* Shared */ = {
			isa = PBXNativeTarget;
			buildConfigurationList = C7FDEF022D85B6D70050E7A8 /* Build configuration list for PBXNativeTarget "Shared" */;
			buildPhases = (
				C7FDEEF52D85B6D70050E7A8 /* Headers */,
				C7FDEEF62D85B6D70050E7A8 /* Sources */,
				C7FDEEF72D85B6D70050E7A8 /* Frameworks */,
				C7FDEEF82D85B6D70050E7A8 /* Resources */,
			);
			buildRules = (
			);
			dependencies = (
			);
			fileSystemSynchronizedGroups = (
				C7FDEEFB2D85B6D70050E7A8 /* Shared */,
			);
			name = Shared;
			packageProductDependencies = (
			);
			productName = Shared;
			productReference = C7FDEEFA2D85B6D70050E7A8 /* Shared.framework */;
			productType = "com.apple.product-type.framework";
		};
/* End PBXNativeTarget section */

/* Begin PBXProject section */
		C72646762D4BAF9300CA1DB4 /* Project object */ = {
			isa = PBXProject;
			attributes = {
				BuildIndependentTargetsInParallel = 1;
				LastSwiftUpdateCheck = 1620;
				LastUpgradeCheck = 1600;
				TargetAttributes = {
					C726467D2D4BAF9300CA1DB4 = {
						CreatedOnToolsVersion = 16.0;
					};
					C7FDEEDD2D85AF120050E7A8 = {
						CreatedOnToolsVersion = 16.2;
					};
					C7FDEEF92D85B6D70050E7A8 = {
						CreatedOnToolsVersion = 16.2;
					};
				};
			};
			buildConfigurationList = C72646792D4BAF9300CA1DB4 /* Build configuration list for PBXProject "AirQuality" */;
			developmentRegion = en;
			hasScannedForEncodings = 0;
			knownRegions = (
				en,
				Base,
			);
			mainGroup = C72646752D4BAF9300CA1DB4;
			minimizedProjectReferenceProxies = 1;
			preferredProjectObjectVersion = 77;
			productRefGroup = C726467F2D4BAF9300CA1DB4 /* Products */;
			projectDirPath = "";
			projectRoot = "";
			targets = (
				C726467D2D4BAF9300CA1DB4 /* AirQuality */,
				C7FDEEDD2D85AF120050E7A8 /* WidgetExtensionExtension */,
				C7FDEEF92D85B6D70050E7A8 /* Shared */,
			);
		};
/* End PBXProject section */

/* Begin PBXResourcesBuildPhase section */
		C726467C2D4BAF9300CA1DB4 /* Resources */ = {
			isa = PBXResourcesBuildPhase;
			buildActionMask = 2147483647;
			files = (
				C7FDEEB72D85AEC60050E7A8 /* env.xcconfig in Resources */,
				C7FDEEB82D85AEC60050E7A8 /* env.xcconfig.example in Resources */,
			);
			runOnlyForDeploymentPostprocessing = 0;
		};
		C7FDEEDC2D85AF120050E7A8 /* Resources */ = {
			isa = PBXResourcesBuildPhase;
			buildActionMask = 2147483647;
			files = (
			);
			runOnlyForDeploymentPostprocessing = 0;
		};
		C7FDEEF82D85B6D70050E7A8 /* Resources */ = {
			isa = PBXResourcesBuildPhase;
			buildActionMask = 2147483647;
			files = (
			);
			runOnlyForDeploymentPostprocessing = 0;
		};
/* End PBXResourcesBuildPhase section */

/* Begin PBXSourcesBuildPhase section */
		C726467A2D4BAF9300CA1DB4 /* Sources */ = {
			isa = PBXSourcesBuildPhase;
			buildActionMask = 2147483647;
			files = (
			);
			runOnlyForDeploymentPostprocessing = 0;
		};
		C7FDEEDA2D85AF120050E7A8 /* Sources */ = {
			isa = PBXSourcesBuildPhase;
			buildActionMask = 2147483647;
			files = (
			);
			runOnlyForDeploymentPostprocessing = 0;
		};
		C7FDEEF62D85B6D70050E7A8 /* Sources */ = {
			isa = PBXSourcesBuildPhase;
			buildActionMask = 2147483647;
			files = (
			);
			runOnlyForDeploymentPostprocessing = 0;
		};
/* End PBXSourcesBuildPhase section */

/* Begin PBXTargetDependency section */
		C7FDEEED2D85AF130050E7A8 /* PBXTargetDependency */ = {
			isa = PBXTargetDependency;
			target = C7FDEEDD2D85AF120050E7A8 /* WidgetExtensionExtension */;
			targetProxy = C7FDEEEC2D85AF130050E7A8 /* PBXContainerItemProxy */;
		};
		C7FDEEFF2D85B6D70050E7A8 /* PBXTargetDependency */ = {
			isa = PBXTargetDependency;
			target = C7FDEEF92D85B6D70050E7A8 /* Shared */;
			targetProxy = C7FDEEFE2D85B6D70050E7A8 /* PBXContainerItemProxy */;
		};
		C7FDEF0A2D85B7000050E7A8 /* PBXTargetDependency */ = {
			isa = PBXTargetDependency;
			target = C7FDEEF92D85B6D70050E7A8 /* Shared */;
			targetProxy = C7FDEF092D85B7000050E7A8 /* PBXContainerItemProxy */;
		};
/* End PBXTargetDependency section */

/* Begin XCBuildConfiguration section */
		C726468A2D4BAF9500CA1DB4 /* Debug */ = {
			isa = XCBuildConfiguration;
			baseConfigurationReference = C7FDEE822D85AEC60050E7A8 /* env.xcconfig */;
			buildSettings = {
				ALWAYS_SEARCH_USER_PATHS = NO;
				ASSETCATALOG_COMPILER_GENERATE_SWIFT_ASSET_SYMBOL_EXTENSIONS = YES;
				CLANG_ANALYZER_NONNULL = YES;
				CLANG_ANALYZER_NUMBER_OBJECT_CONVERSION = YES_AGGRESSIVE;
				CLANG_CXX_LANGUAGE_STANDARD = "gnu++20";
				CLANG_ENABLE_MODULES = YES;
				CLANG_ENABLE_OBJC_ARC = YES;
				CLANG_ENABLE_OBJC_WEAK = YES;
				CLANG_WARN_BLOCK_CAPTURE_AUTORELEASING = YES;
				CLANG_WARN_BOOL_CONVERSION = YES;
				CLANG_WARN_COMMA = YES;
				CLANG_WARN_CONSTANT_CONVERSION = YES;
				CLANG_WARN_DEPRECATED_OBJC_IMPLEMENTATIONS = YES;
				CLANG_WARN_DIRECT_OBJC_ISA_USAGE = YES_ERROR;
				CLANG_WARN_DOCUMENTATION_COMMENTS = YES;
				CLANG_WARN_EMPTY_BODY = YES;
				CLANG_WARN_ENUM_CONVERSION = YES;
				CLANG_WARN_INFINITE_RECURSION = YES;
				CLANG_WARN_INT_CONVERSION = YES;
				CLANG_WARN_NON_LITERAL_NULL_CONVERSION = YES;
				CLANG_WARN_OBJC_IMPLICIT_RETAIN_SELF = YES;
				CLANG_WARN_OBJC_LITERAL_CONVERSION = YES;
				CLANG_WARN_OBJC_ROOT_CLASS = YES_ERROR;
				CLANG_WARN_QUOTED_INCLUDE_IN_FRAMEWORK_HEADER = YES;
				CLANG_WARN_RANGE_LOOP_ANALYSIS = YES;
				CLANG_WARN_STRICT_PROTOTYPES = YES;
				CLANG_WARN_SUSPICIOUS_MOVE = YES;
				CLANG_WARN_UNGUARDED_AVAILABILITY = YES_AGGRESSIVE;
				CLANG_WARN_UNREACHABLE_CODE = YES;
				CLANG_WARN__DUPLICATE_METHOD_MATCH = YES;
				COPY_PHASE_STRIP = NO;
				DEBUG_INFORMATION_FORMAT = dwarf;
				ENABLE_STRICT_OBJC_MSGSEND = YES;
				ENABLE_TESTABILITY = YES;
				ENABLE_USER_SCRIPT_SANDBOXING = YES;
				GCC_C_LANGUAGE_STANDARD = gnu17;
				GCC_DYNAMIC_NO_PIC = NO;
				GCC_NO_COMMON_BLOCKS = YES;
				GCC_OPTIMIZATION_LEVEL = 0;
				GCC_PREPROCESSOR_DEFINITIONS = (
					"DEBUG=1",
					"$(inherited)",
				);
				GCC_WARN_64_TO_32_BIT_CONVERSION = YES;
				GCC_WARN_ABOUT_RETURN_TYPE = YES_ERROR;
				GCC_WARN_UNDECLARED_SELECTOR = YES;
				GCC_WARN_UNINITIALIZED_AUTOS = YES_AGGRESSIVE;
				GCC_WARN_UNUSED_FUNCTION = YES;
				GCC_WARN_UNUSED_VARIABLE = YES;
				IPHONEOS_DEPLOYMENT_TARGET = 18.0;
				LOCALIZATION_PREFERS_STRING_CATALOGS = YES;
				MTL_ENABLE_DEBUG_INFO = INCLUDE_SOURCE;
				MTL_FAST_MATH = YES;
				ONLY_ACTIVE_ARCH = YES;
				SDKROOT = iphoneos;
				SWIFT_ACTIVE_COMPILATION_CONDITIONS = "DEBUG $(inherited)";
				SWIFT_OPTIMIZATION_LEVEL = "-Onone";
			};
			name = Debug;
		};
		C726468B2D4BAF9500CA1DB4 /* Release */ = {
			isa = XCBuildConfiguration;
			baseConfigurationReference = C7FDEE822D85AEC60050E7A8 /* env.xcconfig */;
			buildSettings = {
				ALWAYS_SEARCH_USER_PATHS = NO;
				ASSETCATALOG_COMPILER_GENERATE_SWIFT_ASSET_SYMBOL_EXTENSIONS = YES;
				CLANG_ANALYZER_NONNULL = YES;
				CLANG_ANALYZER_NUMBER_OBJECT_CONVERSION = YES_AGGRESSIVE;
				CLANG_CXX_LANGUAGE_STANDARD = "gnu++20";
				CLANG_ENABLE_MODULES = YES;
				CLANG_ENABLE_OBJC_ARC = YES;
				CLANG_ENABLE_OBJC_WEAK = YES;
				CLANG_WARN_BLOCK_CAPTURE_AUTORELEASING = YES;
				CLANG_WARN_BOOL_CONVERSION = YES;
				CLANG_WARN_COMMA = YES;
				CLANG_WARN_CONSTANT_CONVERSION = YES;
				CLANG_WARN_DEPRECATED_OBJC_IMPLEMENTATIONS = YES;
				CLANG_WARN_DIRECT_OBJC_ISA_USAGE = YES_ERROR;
				CLANG_WARN_DOCUMENTATION_COMMENTS = YES;
				CLANG_WARN_EMPTY_BODY = YES;
				CLANG_WARN_ENUM_CONVERSION = YES;
				CLANG_WARN_INFINITE_RECURSION = YES;
				CLANG_WARN_INT_CONVERSION = YES;
				CLANG_WARN_NON_LITERAL_NULL_CONVERSION = YES;
				CLANG_WARN_OBJC_IMPLICIT_RETAIN_SELF = YES;
				CLANG_WARN_OBJC_LITERAL_CONVERSION = YES;
				CLANG_WARN_OBJC_ROOT_CLASS = YES_ERROR;
				CLANG_WARN_QUOTED_INCLUDE_IN_FRAMEWORK_HEADER = YES;
				CLANG_WARN_RANGE_LOOP_ANALYSIS = YES;
				CLANG_WARN_STRICT_PROTOTYPES = YES;
				CLANG_WARN_SUSPICIOUS_MOVE = YES;
				CLANG_WARN_UNGUARDED_AVAILABILITY = YES_AGGRESSIVE;
				CLANG_WARN_UNREACHABLE_CODE = YES;
				CLANG_WARN__DUPLICATE_METHOD_MATCH = YES;
				COPY_PHASE_STRIP = NO;
				DEBUG_INFORMATION_FORMAT = "dwarf-with-dsym";
				ENABLE_NS_ASSERTIONS = NO;
				ENABLE_STRICT_OBJC_MSGSEND = YES;
				ENABLE_USER_SCRIPT_SANDBOXING = YES;
				GCC_C_LANGUAGE_STANDARD = gnu17;
				GCC_NO_COMMON_BLOCKS = YES;
				GCC_WARN_64_TO_32_BIT_CONVERSION = YES;
				GCC_WARN_ABOUT_RETURN_TYPE = YES_ERROR;
				GCC_WARN_UNDECLARED_SELECTOR = YES;
				GCC_WARN_UNINITIALIZED_AUTOS = YES_AGGRESSIVE;
				GCC_WARN_UNUSED_FUNCTION = YES;
				GCC_WARN_UNUSED_VARIABLE = YES;
				IPHONEOS_DEPLOYMENT_TARGET = 18.0;
				LOCALIZATION_PREFERS_STRING_CATALOGS = YES;
				MTL_ENABLE_DEBUG_INFO = NO;
				MTL_FAST_MATH = YES;
				SDKROOT = iphoneos;
				SWIFT_COMPILATION_MODE = wholemodule;
				VALIDATE_PRODUCT = YES;
			};
			name = Release;
		};
		C726468D2D4BAF9500CA1DB4 /* Debug */ = {
			isa = XCBuildConfiguration;
			baseConfigurationReference = C7FDEE822D85AEC60050E7A8 /* env.xcconfig */;
			buildSettings = {
				ASSETCATALOG_COMPILER_APPICON_NAME = AppIcon;
				ASSETCATALOG_COMPILER_GLOBAL_ACCENT_COLOR_NAME = AccentColor;
				CODE_SIGN_ENTITLEMENTS = AirQuality/AirQuality.entitlements;
				CODE_SIGN_STYLE = Automatic;
				CURRENT_PROJECT_VERSION = 1;
				DEVELOPMENT_ASSET_PATHS = "\"AirQuality/Preview Content\"";
				DEVELOPMENT_TEAM = KAU824U635;
				ENABLE_PREVIEWS = YES;
				GENERATE_INFOPLIST_FILE = YES;
				INFOPLIST_FILE = AirQuality/Info.plist;
				INFOPLIST_KEY_UIApplicationSceneManifest_Generation = YES;
				INFOPLIST_KEY_UIApplicationSupportsIndirectInputEvents = YES;
				INFOPLIST_KEY_UILaunchScreen_Generation = YES;
				INFOPLIST_KEY_UISupportedInterfaceOrientations_iPad = "UIInterfaceOrientationPortrait UIInterfaceOrientationPortraitUpsideDown UIInterfaceOrientationLandscapeLeft UIInterfaceOrientationLandscapeRight";
				INFOPLIST_KEY_UISupportedInterfaceOrientations_iPhone = "UIInterfaceOrientationPortrait UIInterfaceOrientationLandscapeLeft UIInterfaceOrientationLandscapeRight";
				LD_RUNPATH_SEARCH_PATHS = (
					"$(inherited)",
					"@executable_path/Frameworks",
				);
				MARKETING_VERSION = 1.0;
				PRODUCT_BUNDLE_IDENTIFIER = com.digify.AirQuality;
				PRODUCT_NAME = "$(TARGET_NAME)";
				SWIFT_EMIT_LOC_STRINGS = YES;
				SWIFT_VERSION = 5.0;
				TARGETED_DEVICE_FAMILY = "1,2";
			};
			name = Debug;
		};
		C726468E2D4BAF9500CA1DB4 /* Release */ = {
			isa = XCBuildConfiguration;
			baseConfigurationReference = C7FDEE822D85AEC60050E7A8 /* env.xcconfig */;
			buildSettings = {
				ASSETCATALOG_COMPILER_APPICON_NAME = AppIcon;
				ASSETCATALOG_COMPILER_GLOBAL_ACCENT_COLOR_NAME = AccentColor;
				CODE_SIGN_ENTITLEMENTS = AirQuality/AirQuality.entitlements;
				CODE_SIGN_STYLE = Automatic;
				CURRENT_PROJECT_VERSION = 1;
				DEVELOPMENT_ASSET_PATHS = "\"AirQuality/Preview Content\"";
				DEVELOPMENT_TEAM = KAU824U635;
				ENABLE_PREVIEWS = YES;
				GENERATE_INFOPLIST_FILE = YES;
				INFOPLIST_FILE = AirQuality/Info.plist;
				INFOPLIST_KEY_UIApplicationSceneManifest_Generation = YES;
				INFOPLIST_KEY_UIApplicationSupportsIndirectInputEvents = YES;
				INFOPLIST_KEY_UILaunchScreen_Generation = YES;
				INFOPLIST_KEY_UISupportedInterfaceOrientations_iPad = "UIInterfaceOrientationPortrait UIInterfaceOrientationPortraitUpsideDown UIInterfaceOrientationLandscapeLeft UIInterfaceOrientationLandscapeRight";
				INFOPLIST_KEY_UISupportedInterfaceOrientations_iPhone = "UIInterfaceOrientationPortrait UIInterfaceOrientationLandscapeLeft UIInterfaceOrientationLandscapeRight";
				LD_RUNPATH_SEARCH_PATHS = (
					"$(inherited)",
					"@executable_path/Frameworks",
				);
				MARKETING_VERSION = 1.0;
				PRODUCT_BUNDLE_IDENTIFIER = com.digify.AirQuality;
				PRODUCT_NAME = "$(TARGET_NAME)";
				SWIFT_EMIT_LOC_STRINGS = YES;
				SWIFT_VERSION = 5.0;
				TARGETED_DEVICE_FAMILY = "1,2";
			};
			name = Release;
		};
		C7FDEEF02D85AF130050E7A8 /* Debug */ = {
			isa = XCBuildConfiguration;
			baseConfigurationReference = C7FDEE822D85AEC60050E7A8 /* env.xcconfig */;
			buildSettings = {
				ASSETCATALOG_COMPILER_GLOBAL_ACCENT_COLOR_NAME = AccentColor;
				ASSETCATALOG_COMPILER_WIDGET_BACKGROUND_COLOR_NAME = WidgetBackground;
				CODE_SIGN_ENTITLEMENTS = WidgetExtension/WidgetExtension.entitlements;
				CODE_SIGN_STYLE = Automatic;
				CURRENT_PROJECT_VERSION = 1;
				DEVELOPMENT_TEAM = KAU824U635;
				GENERATE_INFOPLIST_FILE = YES;
				INFOPLIST_FILE = WidgetExtension/Info.plist;
				INFOPLIST_KEY_CFBundleDisplayName = WidgetExtension;
				INFOPLIST_KEY_NSHumanReadableCopyright = "";
				IPHONEOS_DEPLOYMENT_TARGET = 18.0;
				LD_RUNPATH_SEARCH_PATHS = (
					"$(inherited)",
					"@executable_path/Frameworks",
					"@executable_path/../../Frameworks",
				);
				MARKETING_VERSION = 1.0;
				PRODUCT_BUNDLE_IDENTIFIER = com.digify.AirQuality.WidgetExtension;
				PRODUCT_NAME = "$(TARGET_NAME)";
				SKIP_INSTALL = YES;
				SWIFT_EMIT_LOC_STRINGS = YES;
				SWIFT_VERSION = 5.0;
				TARGETED_DEVICE_FAMILY = "1,2";
			};
			name = Debug;
		};
		C7FDEEF12D85AF130050E7A8 /* Release */ = {
			isa = XCBuildConfiguration;
			baseConfigurationReference = C7FDEE822D85AEC60050E7A8 /* env.xcconfig */;
			buildSettings = {
				ASSETCATALOG_COMPILER_GLOBAL_ACCENT_COLOR_NAME = AccentColor;
				ASSETCATALOG_COMPILER_WIDGET_BACKGROUND_COLOR_NAME = WidgetBackground;
				CODE_SIGN_ENTITLEMENTS = WidgetExtension/WidgetExtension.entitlements;
				CODE_SIGN_STYLE = Automatic;
				CURRENT_PROJECT_VERSION = 1;
				DEVELOPMENT_TEAM = KAU824U635;
				GENERATE_INFOPLIST_FILE = YES;
				INFOPLIST_FILE = WidgetExtension/Info.plist;
				INFOPLIST_KEY_CFBundleDisplayName = WidgetExtension;
				INFOPLIST_KEY_NSHumanReadableCopyright = "";
				IPHONEOS_DEPLOYMENT_TARGET = 18.0;
				LD_RUNPATH_SEARCH_PATHS = (
					"$(inherited)",
					"@executable_path/Frameworks",
					"@executable_path/../../Frameworks",
				);
				MARKETING_VERSION = 1.0;
				PRODUCT_BUNDLE_IDENTIFIER = com.digify.AirQuality.WidgetExtension;
				PRODUCT_NAME = "$(TARGET_NAME)";
				SKIP_INSTALL = YES;
				SWIFT_EMIT_LOC_STRINGS = YES;
				SWIFT_VERSION = 5.0;
				TARGETED_DEVICE_FAMILY = "1,2";
			};
			name = Release;
		};
		C7FDEF032D85B6D70050E7A8 /* Debug */ = {
			isa = XCBuildConfiguration;
			baseConfigurationReference = C7FDEE822D85AEC60050E7A8 /* env.xcconfig */;
			buildSettings = {
				BUILD_LIBRARY_FOR_DISTRIBUTION = YES;
				CODE_SIGN_STYLE = Automatic;
				CURRENT_PROJECT_VERSION = 1;
				DEFINES_MODULE = NO;
				DEVELOPMENT_TEAM = KAU824U635;
				DYLIB_COMPATIBILITY_VERSION = 1;
				DYLIB_CURRENT_VERSION = 1;
				DYLIB_INSTALL_NAME_BASE = "@rpath";
				ENABLE_MODULE_VERIFIER = YES;
				GENERATE_INFOPLIST_FILE = YES;
				INFOPLIST_KEY_NSHumanReadableCopyright = "";
				INSTALL_PATH = "$(LOCAL_LIBRARY_DIR)/Frameworks";
				IPHONEOS_DEPLOYMENT_TARGET = 18.2;
				LD_RUNPATH_SEARCH_PATHS = (
					"$(inherited)",
					"@executable_path/Frameworks",
					"@loader_path/Frameworks",
				);
				MARKETING_VERSION = 1.0;
				MODULE_VERIFIER_SUPPORTED_LANGUAGES = "objective-c objective-c++";
				MODULE_VERIFIER_SUPPORTED_LANGUAGE_STANDARDS = "gnu17 gnu++20";
				PRODUCT_BUNDLE_IDENTIFIER = com.digify.AirQuality.Shared;
				PRODUCT_NAME = "$(TARGET_NAME:c99extidentifier)";
				SKIP_INSTALL = YES;
				SWIFT_EMIT_LOC_STRINGS = YES;
				SWIFT_INSTALL_OBJC_HEADER = NO;
				SWIFT_VERSION = 5.0;
				TARGETED_DEVICE_FAMILY = "1,2";
				VERSIONING_SYSTEM = "apple-generic";
				VERSION_INFO_PREFIX = "";
			};
			name = Debug;
		};
		C7FDEF042D85B6D70050E7A8 /* Release */ = {
			isa = XCBuildConfiguration;
			baseConfigurationReference = C7FDEE822D85AEC60050E7A8 /* env.xcconfig */;
			buildSettings = {
				BUILD_LIBRARY_FOR_DISTRIBUTION = YES;
				CODE_SIGN_STYLE = Automatic;
				CURRENT_PROJECT_VERSION = 1;
				DEFINES_MODULE = NO;
				DEVELOPMENT_TEAM = KAU824U635;
				DYLIB_COMPATIBILITY_VERSION = 1;
				DYLIB_CURRENT_VERSION = 1;
				DYLIB_INSTALL_NAME_BASE = "@rpath";
				ENABLE_MODULE_VERIFIER = YES;
				GENERATE_INFOPLIST_FILE = YES;
				INFOPLIST_KEY_NSHumanReadableCopyright = "";
				INSTALL_PATH = "$(LOCAL_LIBRARY_DIR)/Frameworks";
				IPHONEOS_DEPLOYMENT_TARGET = 18.2;
				LD_RUNPATH_SEARCH_PATHS = (
					"$(inherited)",
					"@executable_path/Frameworks",
					"@loader_path/Frameworks",
				);
				MARKETING_VERSION = 1.0;
				MODULE_VERIFIER_SUPPORTED_LANGUAGES = "objective-c objective-c++";
				MODULE_VERIFIER_SUPPORTED_LANGUAGE_STANDARDS = "gnu17 gnu++20";
				PRODUCT_BUNDLE_IDENTIFIER = com.digify.AirQuality.Shared;
				PRODUCT_NAME = "$(TARGET_NAME:c99extidentifier)";
				SKIP_INSTALL = YES;
				SWIFT_EMIT_LOC_STRINGS = YES;
				SWIFT_INSTALL_OBJC_HEADER = NO;
				SWIFT_VERSION = 5.0;
				TARGETED_DEVICE_FAMILY = "1,2";
				VERSIONING_SYSTEM = "apple-generic";
				VERSION_INFO_PREFIX = "";
			};
			name = Release;
		};
/* End XCBuildConfiguration section */

/* Begin XCConfigurationList section */
		C72646792D4BAF9300CA1DB4 /* Build configuration list for PBXProject "AirQuality" */ = {
			isa = XCConfigurationList;
			buildConfigurations = (
				C726468A2D4BAF9500CA1DB4 /* Debug */,
				C726468B2D4BAF9500CA1DB4 /* Release */,
			);
			defaultConfigurationIsVisible = 0;
			defaultConfigurationName = Release;
		};
		C726468C2D4BAF9500CA1DB4 /* Build configuration list for PBXNativeTarget "AirQuality" */ = {
			isa = XCConfigurationList;
			buildConfigurations = (
				C726468D2D4BAF9500CA1DB4 /* Debug */,
				C726468E2D4BAF9500CA1DB4 /* Release */,
			);
			defaultConfigurationIsVisible = 0;
			defaultConfigurationName = Release;
		};
		C7FDEEF22D85AF130050E7A8 /* Build configuration list for PBXNativeTarget "WidgetExtensionExtension" */ = {
			isa = XCConfigurationList;
			buildConfigurations = (
				C7FDEEF02D85AF130050E7A8 /* Debug */,
				C7FDEEF12D85AF130050E7A8 /* Release */,
			);
			defaultConfigurationIsVisible = 0;
			defaultConfigurationName = Release;
		};
		C7FDEF022D85B6D70050E7A8 /* Build configuration list for PBXNativeTarget "Shared" */ = {
			isa = XCConfigurationList;
			buildConfigurations = (
				C7FDEF032D85B6D70050E7A8 /* Debug */,
				C7FDEF042D85B6D70050E7A8 /* Release */,
			);
			defaultConfigurationIsVisible = 0;
			defaultConfigurationName = Release;
		};
/* End XCConfigurationList section */
	};
	rootObject = C72646762D4BAF9300CA1DB4 /* Project object */;
}
